<Solution>
  <Folder Name="/src/">
    <Project Path="src/ExcelDB.Authoring.Workbooks/ExcelDB.Authoring.Workbooks.csproj" />
    <Project Path="src/ExcelDB.Authoring/ExcelDB.Authoring.csproj" />
    <Project Path="src/ExcelDB.Cli/ExcelDB.Cli.csproj" />
    <Project Path="src/ExcelDB.Compatibility/ExcelDB.Compatibility.csproj" />
    <Project Path="src/ExcelDB.Core/ExcelDB.Core.csproj" />
    <Project Path="src/ExcelDB.Editor.Model/ExcelDB.Editor.Model.csproj" />
    <Project Path="src/ExcelDB.Editor.Unity/ExcelDB.Editor.Unity.csproj" />
    <Project Path="src/ExcelDB.Editor/ExcelDB.Editor.csproj" />
    <Project Path="src/ExcelDB.Pipeline/ExcelDB.Pipeline.csproj" />
    <Project Path="src/ExcelDB.ProjectHub.Windows/ExcelDB.ProjectHub.Windows.csproj" />
    <Project Path="src/ExcelDB.Runtime.Excel/ExcelDB.Runtime.Excel.csproj" />
    <Project Path="src/ExcelDB.Runtime.Unity/ExcelDB.Runtime.Unity.csproj" />
    <Project Path="src/ExcelDB.Runtime/ExcelDB.Runtime.csproj" />
    <Project Path="src/ExcelDB.Schema/ExcelDB.Schema.csproj" />
    <Project Path="src/ExcelDB.Schema.Model/ExcelDB.Schema.Model.csproj" />
    <Project Path="src/ExcelDB.Tooling/ExcelDB.Tooling.csproj" />
    <Project Path="src/ExcelDB.Workbooks/ExcelDB.Workbooks.csproj" />
  </Folder>
  <Folder Name="/tests/">
    <Project Path="tests/ExcelDB.Authoring.Workbooks.NetStandard.Tests/ExcelDB.Authoring.Workbooks.NetStandard.Tests.csproj" />
    <Project Path="tests/ExcelDB.Authoring.Tests/ExcelDB.Authoring.Tests.csproj" />
    <Project Path="tests/ExcelDB.Authoring.Workbooks.Tests/ExcelDB.Authoring.Workbooks.Tests.csproj" />
    <Project Path="tests/ExcelDB.Cli.Tests/ExcelDB.Cli.Tests.csproj" />
    <Project Path="tests/ExcelDB.Compatibility.Tests/ExcelDB.Compatibility.Tests.csproj" />
    <Project Path="tests/ExcelDB.Core.Tests/ExcelDB.Core.Tests.csproj" />
    <Project Path="tests/ExcelDB.Editor.Tests/ExcelDB.Editor.Tests.csproj" />
    <Project Path="tests/ExcelDB.Editor.Unity.Tests/ExcelDB.Editor.Unity.Tests.csproj" />
    <Project Path="tests/ExcelDB.Pipeline.Tests/ExcelDB.Pipeline.Tests.csproj" />
    <Project Path="tests/ExcelDB.ProjectHub.Windows.Tests/ExcelDB.ProjectHub.Windows.Tests.csproj" />
    <Project Path="tests/ExcelDB.Runtime.Excel.Tests/ExcelDB.Runtime.Excel.Tests.csproj" />
    <Project Path="tests/ExcelDB.Runtime.Tests/ExcelDB.Runtime.Tests.csproj" />
    <Project Path="tests/ExcelDB.Runtime.Unity.Tests/ExcelDB.Runtime.Unity.Tests.csproj" />
    <Project Path="tests/ExcelDB.Schema.Tests/ExcelDB.Schema.Tests.csproj" />
    <Project Path="tests/ExcelDB.Tooling.Tests/ExcelDB.Tooling.Tests.csproj" />
    <Project Path="tests/ExcelDB.Workbooks.Tests/ExcelDB.Workbooks.Tests.csproj" />
  </Folder>
</Solution>
